
Microsoft Visual Studio Solution File, Format Version 12.00
# Visual Studio 15
VisualStudioVersion = 15.0.28307.329
MinimumVisualStudioVersion = 10.0.40219.1
Project("{8BC9CEB8-8B4A-11D0-8D11-00A0C91BC942}") = "Function", "Function\Function.vcxproj", "{D119F2C0-D1CC-48F7-9639-B647AC7EE4F2}"
EndProject
Project("{8BC9CEB8-8B4A-11D0-8D11-00A0C91BC942}") = "Loops Task 1", "Loops Task 1\Loops Task 1.vcxproj", "{4F2FE960-8EA4-41C2-960B-8B362CCCFD23}"
EndProject
Project("{8BC9CEB8-8B4A-11D0-8D11-00A0C91BC942}") = "Loop Task 2", "Loop Task 2\Loop Task 2.vcxproj", "{444BFD78-E388-4E23-B85A-BA10F9A8D6D5}"
EndProject
Project("{8BC9CEB8-8B4A-11D0-8D11-00A0C91BC942}") = "Pointers", "Pointers\Pointers.vcxproj", "{6F35746E-DC6C-441F-B4BD-4CF423C7F4F0}"
EndProject
Global
	GlobalSection(SolutionConfigurationPlatforms) = preSolution
		Debug|x64 = Debug|x64
		Debug|x86 = Debug|x86
		Release|x64 = Release|x64
		Release|x86 = Release|x86
	EndGlobalSection
	GlobalSection(ProjectConfigurationPlatforms) = postSolution
		{D119F2C0-D1CC-48F7-9639-B647AC7EE4F2}.Debug|x64.ActiveCfg = Debug|x64
		{D119F2C0-D1CC-48F7-9639-B647AC7EE4F2}.Debug|x64.Build.0 = Debug|x64
		{D119F2C0-D1CC-48F7-9639-B647AC7EE4F2}.Debug|x86.ActiveCfg = Debug|Win32
		{D119F2C0-D1CC-48F7-9639-B647AC7EE4F2}.Debug|x86.Build.0 = Debug|Win32
		{D119F2C0-D1CC-48F7-9639-B647AC7EE4F2}.Release|x64.ActiveCfg = Release|x64
		{D119F2C0-D1CC-48F7-9639-B647AC7EE4F2}.Release|x64.Build.0 = Release|x64
		{D119F2C0-D1CC-48F7-9639-B647AC7EE4F2}.Release|x86.ActiveCfg = Release|Win32
		{D119F2C0-D1CC-48F7-9639-B647AC7EE4F2}.Release|x86.Build.0 = Release|Win32
		{4F2FE960-8EA4-41C2-960B-8B362CCCFD23}.Debug|x64.ActiveCfg = Debug|x64
		{4F2FE960-8EA4-41C2-960B-8B362CCCFD23}.Debug|x64.Build.0 = Debug|x64
		{4F2FE960-8EA4-41C2-960B-8B362CCCFD23}.Debug|x86.ActiveCfg = Debug|Win32
		{4F2FE960-8EA4-41C2-960B-8B362CCCFD23}.Debug|x86.Build.0 = Debug|Win32
		{4F2FE960-8EA4-41C2-960B-8B362CCCFD23}.Release|x64.ActiveCfg = Release|x64
		{4F2FE960-8EA4-41C2-960B-8B362CCCFD23}.Release|x64.Build.0 = Release|x64
		{4F2FE960-8EA4-41C2-960B-8B362CCCFD23}.Release|x86.ActiveCfg = Release|Win32
		{4F2FE960-8EA4-41C2-960B-8B362CCCFD23}.Release|x86.Build.0 = Release|Win32
		{444BFD78-E388-4E23-B85A-BA10F9A8D6D5}.Debug|x64.ActiveCfg = Debug|x64
		{444BFD78-E388-4E23-B85A-BA10F9A8D6D5}.Debug|x64.Build.0 = Debug|x64
		{444BFD78-E388-4E23-B85A-BA10F9A8D6D5}.Debug|x86.ActiveCfg = Debug|Win32
		{444BFD78-E388-4E23-B85A-BA10F9A8D6D5}.Debug|x86.Build.0 = Debug|Win32
		{444BFD78-E388-4E23-B85A-BA10F9A8D6D5}.Release|x64.ActiveCfg = Release|x64
		{444BFD78-E388-4E23-B85A-BA10F9A8D6D5}.Release|x64.Build.0 = Release|x64
		{444BFD78-E388-4E23-B85A-BA10F9A8D6D5}.Release|x86.ActiveCfg = Release|Win32
		{444BFD78-E388-4E23-B85A-BA10F9A8D6D5}.Release|x86.Build.0 = Release|Win32
		{6F35746E-DC6C-441F-B4BD-4CF423C7F4F0}.Debug|x64.ActiveCfg = Debug|x64
		{6F35746E-DC6C-441F-B4BD-4CF423C7F4F0}.Debug|x64.Build.0 = Debug|x64
		{6F35746E-DC6C-441F-B4BD-4CF423C7F4F0}.Debug|x86.ActiveCfg = Debug|Win32
		{6F35746E-DC6C-441F-B4BD-4CF423C7F4F0}.Debug|x86.Build.0 = Debug|Win32
		{6F35746E-DC6C-441F-B4BD-4CF423C7F4F0}.Release|x64.ActiveCfg = Release|x64
		{6F35746E-DC6C-441F-B4BD-4CF423C7F4F0}.Release|x64.Build.0 = Release|x64
		{6F35746E-DC6C-441F-B4BD-4CF423C7F4F0}.Release|x86.ActiveCfg = Release|Win32
		{6F35746E-DC6C-441F-B4BD-4CF423C7F4F0}.Release|x86.Build.0 = Release|Win32
	EndGlobalSection
	GlobalSection(SolutionProperties) = preSolution
		HideSolutionNode = FALSE
	EndGlobalSection
	GlobalSection(ExtensibilityGlobals) = postSolution
		SolutionGuid = {3AE2327B-C440-4DA9-A8CC-47846FA8FD7C}
	EndGlobalSection
EndGlobal
